
Microsoft Visual Studio Solution File, Format Version 12.00
# Visual Studio Version 17
VisualStudioVersion = 17.1.32328.378
MinimumVisualStudioVersion = 10.0.40219.1
Project("{FAE04EC0-301F-11D3-BF4B-00C04F79EFBC}") = "DFSAndBFSTreeTraversal", "DFSAndBFSTreeTraversal\DFSAndBFSTreeTraversal.csproj", "{B724A9CC-4F2B-45AA-864C-38350E705882}"
EndProject
Global
	GlobalSection(SolutionConfigurationPlatforms) = preSolution
		Debug|Any CPU = Debug|Any CPU
		Release|Any CPU = Release|Any CPU
	EndGlobalSection
	GlobalSection(ProjectConfigurationPlatforms) = postSolution
		{B724A9CC-4F2B-45AA-864C-38350E705882}.Debug|Any CPU.ActiveCfg = Debug|Any CPU
		{B724A9CC-4F2B-45AA-864C-38350E705882}.Debug|Any CPU.Build.0 = Debug|Any CPU
		{B724A9CC-4F2B-45AA-864C-38350E705882}.Release|Any CPU.ActiveCfg = Release|Any CPU
		{B724A9CC-4F2B-45AA-864C-38350E705882}.Release|Any CPU.Build.0 = Release|Any CPU
	EndGlobalSection
	GlobalSection(SolutionProperties) = preSolution
		HideSolutionNode = FALSE
	EndGlobalSection
	GlobalSection(ExtensibilityGlobals) = postSolution
		SolutionGuid = {4FCDF08D-1AEE-4D2F-9066-334B9E70096C}
	EndGlobalSection
EndGlobal
